
Microsoft Visual Studio Solution File, Format Version 12.00
# Visual Studio Version 16
VisualStudioVersion = 16.0.31702.278
MinimumVisualStudioVersion = 10.0.40219.1
Project("{9A19103F-16F7-4668-BE54-9A1E7A4F7556}") = "ConroleAcesso", "ConroleAcesso.csproj", "{CDDBD079-4DB7-4021-8112-2513868F1861}"
EndProject
Global
	GlobalSection(SolutionConfigurationPlatforms) = preSolution
		Debug|Any CPU = Debug|Any CPU
		Release|Any CPU = Release|Any CPU
	EndGlobalSection
	GlobalSection(ProjectConfigurationPlatforms) = postSolution
		{CDDBD079-4DB7-4021-8112-2513868F1861}.Debug|Any CPU.ActiveCfg = Debug|Any CPU
		{CDDBD079-4DB7-4021-8112-2513868F1861}.Debug|Any CPU.Build.0 = Debug|Any CPU
		{CDDBD079-4DB7-4021-8112-2513868F1861}.Release|Any CPU.ActiveCfg = Release|Any CPU
		{CDDBD079-4DB7-4021-8112-2513868F1861}.Release|Any CPU.Build.0 = Release|Any CPU
	EndGlobalSection
	GlobalSection(SolutionProperties) = preSolution
		HideSolutionNode = FALSE
	EndGlobalSection
	GlobalSection(ExtensibilityGlobals) = postSolution
		SolutionGuid = {F22B88C8-26B0-4B38-B980-29AD576F0FEC}
	EndGlobalSection
EndGlobal
